
Microsoft Visual Studio Solution File, Format Version 12.00
# Visual Studio 15
VisualStudioVersion = 15.0.27004.2009
MinimumVisualStudioVersion = 10.0.40219.1
Project("{FAE04EC0-301F-11D3-BF4B-00C04F79EFBC}") = "QuanLyBanHang-API", "QuanLyBanHang-API\QuanLyBanHang-API.csproj", "{332B9D7C-F798-447B-B35E-9B236EA3538F}"
EndProject
Project("{FAE04EC0-301F-11D3-BF4B-00C04F79EFBC}") = "EntityModel", "EntityModel\EntityModel.csproj", "{66435289-71D2-4533-903A-EDC2CA007E02}"
EndProject
Global
	GlobalSection(SolutionConfigurationPlatforms) = preSolution
		Debug|Any CPU = Debug|Any CPU
		Release|Any CPU = Release|Any CPU
	EndGlobalSection
	GlobalSection(ProjectConfigurationPlatforms) = postSolution
		{332B9D7C-F798-447B-B35E-9B236EA3538F}.Debug|Any CPU.ActiveCfg = Debug|Any CPU
		{332B9D7C-F798-447B-B35E-9B236EA3538F}.Debug|Any CPU.Build.0 = Debug|Any CPU
		{332B9D7C-F798-447B-B35E-9B236EA3538F}.Release|Any CPU.ActiveCfg = Release|Any CPU
		{332B9D7C-F798-447B-B35E-9B236EA3538F}.Release|Any CPU.Build.0 = Release|Any CPU
		{66435289-71D2-4533-903A-EDC2CA007E02}.Debug|Any CPU.ActiveCfg = Debug|Any CPU
		{66435289-71D2-4533-903A-EDC2CA007E02}.Debug|Any CPU.Build.0 = Debug|Any CPU
		{66435289-71D2-4533-903A-EDC2CA007E02}.Release|Any CPU.ActiveCfg = Release|Any CPU
		{66435289-71D2-4533-903A-EDC2CA007E02}.Release|Any CPU.Build.0 = Release|Any CPU
	EndGlobalSection
	GlobalSection(SolutionProperties) = preSolution
		HideSolutionNode = FALSE
	EndGlobalSection
	GlobalSection(ExtensibilityGlobals) = postSolution
		SolutionGuid = {EBA7AD32-278E-4100-A3FC-9A3800BE61BB}
	EndGlobalSection
EndGlobal
